
Microsoft Visual Studio Solution File, Format Version 12.00
# Visual Studio Version 17
VisualStudioVersion = 17.5.33516.290
MinimumVisualStudioVersion = 10.0.40219.1
Project("{FAE04EC0-301F-11D3-BF4B-00C04F79EFBC}") = "XamerinCrossApp.Android", "XamerinCrossApp.Android\XamerinCrossApp.Android.csproj", "{1A90BBC5-B2AD-497E-9657-3FB8481FC15D}"
EndProject
Project("{FAE04EC0-301F-11D3-BF4B-00C04F79EFBC}") = "XamerinCrossApp.iOS", "XamerinCrossApp.iOS\XamerinCrossApp.iOS.csproj", "{4C2B4024-6C42-4DEA-912A-67BFE30B4D31}"
EndProject
Project("{FAE04EC0-301F-11D3-BF4B-00C04F79EFBC}") = "XamerinCrossApp", "XamerinCrossApp\XamerinCrossApp.csproj", "{1D0ADE44-E365-4966-93E2-77ACB66DDD1C}"
EndProject
Global
	GlobalSection(SolutionConfigurationPlatforms) = preSolution
		Debug|Any CPU = Debug|Any CPU
		Debug|iPhone = Debug|iPhone
		Debug|iPhoneSimulator = Debug|iPhoneSimulator
		Release|Any CPU = Release|Any CPU
		Release|iPhone = Release|iPhone
		Release|iPhoneSimulator = Release|iPhoneSimulator
	EndGlobalSection
	GlobalSection(ProjectConfigurationPlatforms) = postSolution
		{1A90BBC5-B2AD-497E-9657-3FB8481FC15D}.Debug|Any CPU.ActiveCfg = Debug|Any CPU
		{1A90BBC5-B2AD-497E-9657-3FB8481FC15D}.Debug|Any CPU.Build.0 = Debug|Any CPU
		{1A90BBC5-B2AD-497E-9657-3FB8481FC15D}.Debug|Any CPU.Deploy.0 = Debug|Any CPU
		{1A90BBC5-B2AD-497E-9657-3FB8481FC15D}.Debug|iPhone.ActiveCfg = Debug|Any CPU
		{1A90BBC5-B2AD-497E-9657-3FB8481FC15D}.Debug|iPhone.Build.0 = Debug|Any CPU
		{1A90BBC5-B2AD-497E-9657-3FB8481FC15D}.Debug|iPhone.Deploy.0 = Debug|Any CPU
		{1A90BBC5-B2AD-497E-9657-3FB8481FC15D}.Debug|iPhoneSimulator.ActiveCfg = Debug|Any CPU
		{1A90BBC5-B2AD-497E-9657-3FB8481FC15D}.Debug|iPhoneSimulator.Build.0 = Debug|Any CPU
		{1A90BBC5-B2AD-497E-9657-3FB8481FC15D}.Debug|iPhoneSimulator.Deploy.0 = Debug|Any CPU
		{1A90BBC5-B2AD-497E-9657-3FB8481FC15D}.Release|Any CPU.ActiveCfg = Release|Any CPU
		{1A90BBC5-B2AD-497E-9657-3FB8481FC15D}.Release|Any CPU.Build.0 = Release|Any CPU
		{1A90BBC5-B2AD-497E-9657-3FB8481FC15D}.Release|Any CPU.Deploy.0 = Release|Any CPU
		{1A90BBC5-B2AD-497E-9657-3FB8481FC15D}.Release|iPhone.ActiveCfg = Release|Any CPU
		{1A90BBC5-B2AD-497E-9657-3FB8481FC15D}.Release|iPhone.Build.0 = Release|Any CPU
		{1A90BBC5-B2AD-497E-9657-3FB8481FC15D}.Release|iPhone.Deploy.0 = Release|Any CPU
		{1A90BBC5-B2AD-497E-9657-3FB8481FC15D}.Release|iPhoneSimulator.ActiveCfg = Release|Any CPU
		{1A90BBC5-B2AD-497E-9657-3FB8481FC15D}.Release|iPhoneSimulator.Build.0 = Release|Any CPU
		{1A90BBC5-B2AD-497E-9657-3FB8481FC15D}.Release|iPhoneSimulator.Deploy.0 = Release|Any CPU
		{4C2B4024-6C42-4DEA-912A-67BFE30B4D31}.Debug|Any CPU.ActiveCfg = Debug|iPhone
		{4C2B4024-6C42-4DEA-912A-67BFE30B4D31}.Debug|Any CPU.Build.0 = Debug|iPhone
		{4C2B4024-6C42-4DEA-912A-67BFE30B4D31}.Debug|Any CPU.Deploy.0 = Debug|iPhone
		{4C2B4024-6C42-4DEA-912A-67BFE30B4D31}.Debug|iPhone.ActiveCfg = Debug|iPhone
		{4C2B4024-6C42-4DEA-912A-67BFE30B4D31}.Debug|iPhone.Build.0 = Debug|iPhone
		{4C2B4024-6C42-4DEA-912A-67BFE30B4D31}.Debug|iPhone.Deploy.0 = Debug|iPhone
		{4C2B4024-6C42-4DEA-912A-67BFE30B4D31}.Debug|iPhoneSimulator.ActiveCfg = Debug|iPhoneSimulator
		{4C2B4024-6C42-4DEA-912A-67BFE30B4D31}.Debug|iPhoneSimulator.Build.0 = Debug|iPhoneSimulator
		{4C2B4024-6C42-4DEA-912A-67BFE30B4D31}.Debug|iPhoneSimulator.Deploy.0 = Debug|iPhoneSimulator
		{4C2B4024-6C42-4DEA-912A-67BFE30B4D31}.Release|Any CPU.ActiveCfg = Release|iPhoneSimulator
		{4C2B4024-6C42-4DEA-912A-67BFE30B4D31}.Release|Any CPU.Build.0 = Release|iPhoneSimulator
		{4C2B4024-6C42-4DEA-912A-67BFE30B4D31}.Release|Any CPU.Deploy.0 = Release|iPhoneSimulator
		{4C2B4024-6C42-4DEA-912A-67BFE30B4D31}.Release|iPhone.ActiveCfg = Release|iPhone
		{4C2B4024-6C42-4DEA-912A-67BFE30B4D31}.Release|iPhone.Build.0 = Release|iPhone
		{4C2B4024-6C42-4DEA-912A-67BFE30B4D31}.Release|iPhone.Deploy.0 = Release|iPhone
		{4C2B4024-6C42-4DEA-912A-67BFE30B4D31}.Release|iPhoneSimulator.ActiveCfg = Release|iPhoneSimulator
		{4C2B4024-6C42-4DEA-912A-67BFE30B4D31}.Release|iPhoneSimulator.Build.0 = Release|iPhoneSimulator
		{4C2B4024-6C42-4DEA-912A-67BFE30B4D31}.Release|iPhoneSimulator.Deploy.0 = Release|iPhoneSimulator
		{1D0ADE44-E365-4966-93E2-77ACB66DDD1C}.Debug|Any CPU.ActiveCfg = Debug|Any CPU
		{1D0ADE44-E365-4966-93E2-77ACB66DDD1C}.Debug|Any CPU.Build.0 = Debug|Any CPU
		{1D0ADE44-E365-4966-93E2-77ACB66DDD1C}.Debug|Any CPU.Deploy.0 = Debug|Any CPU
		{1D0ADE44-E365-4966-93E2-77ACB66DDD1C}.Debug|iPhone.ActiveCfg = Debug|Any CPU
		{1D0ADE44-E365-4966-93E2-77ACB66DDD1C}.Debug|iPhone.Build.0 = Debug|Any CPU
		{1D0ADE44-E365-4966-93E2-77ACB66DDD1C}.Debug|iPhone.Deploy.0 = Debug|Any CPU
		{1D0ADE44-E365-4966-93E2-77ACB66DDD1C}.Debug|iPhoneSimulator.ActiveCfg = Debug|Any CPU
		{1D0ADE44-E365-4966-93E2-77ACB66DDD1C}.Debug|iPhoneSimulator.Build.0 = Debug|Any CPU
		{1D0ADE44-E365-4966-93E2-77ACB66DDD1C}.Debug|iPhoneSimulator.Deploy.0 = Debug|Any CPU
		{1D0ADE44-E365-4966-93E2-77ACB66DDD1C}.Release|Any CPU.ActiveCfg = Release|Any CPU
		{1D0ADE44-E365-4966-93E2-77ACB66DDD1C}.Release|Any CPU.Build.0 = Release|Any CPU
		{1D0ADE44-E365-4966-93E2-77ACB66DDD1C}.Release|Any CPU.Deploy.0 = Release|Any CPU
		{1D0ADE44-E365-4966-93E2-77ACB66DDD1C}.Release|iPhone.ActiveCfg = Release|Any CPU
		{1D0ADE44-E365-4966-93E2-77ACB66DDD1C}.Release|iPhone.Build.0 = Release|Any CPU
		{1D0ADE44-E365-4966-93E2-77ACB66DDD1C}.Release|iPhone.Deploy.0 = Release|Any CPU
		{1D0ADE44-E365-4966-93E2-77ACB66DDD1C}.Release|iPhoneSimulator.ActiveCfg = Release|Any CPU
		{1D0ADE44-E365-4966-93E2-77ACB66DDD1C}.Release|iPhoneSimulator.Build.0 = Release|Any CPU
		{1D0ADE44-E365-4966-93E2-77ACB66DDD1C}.Release|iPhoneSimulator.Deploy.0 = Release|Any CPU
	EndGlobalSection
	GlobalSection(SolutionProperties) = preSolution
		HideSolutionNode = FALSE
	EndGlobalSection
	GlobalSection(ExtensibilityGlobals) = postSolution
		SolutionGuid = {2629842C-4A02-4055-BE01-75A89A616414}
	EndGlobalSection
EndGlobal
